{
  "name": "dot-github",
  "version": "0.0.0",
  "lockfileVersion": 2,
  "requires": true,
  "packages": {
    "": {
      "name": "dot-github",
      "version": "0.0.0",
      "license": "0BSD",
      "devDependencies": {
        "@arkweid/lefthook": "0.7.7",
        "prettier": "3.2.5"
      }
    },
    "node_modules/@arkweid/lefthook": {
      "version": "0.7.7",
      "resolved": "https://registry.npmjs.org/@arkweid/lefthook/-/lefthook-0.7.7.tgz",
      "integrity": "sha512-Eq30OXKmjxIAIsTtbX2fcF3SNZIXS8yry1u8yty7PQFYRctx04rVlhOJCEB2UmfTh8T2vrOMC9IHHUvvo5zbaQ==",
      "cpu": [
        "x64",
        "arm64",
        "ia32"
      ],
      "deprecated": "@arkweid/lefthook has been renamed to @evilmartians/lefthook, please upgrade to it. You also can use @evilmartians/lefthook-installer",
      "dev": true,
      "hasInstallScript": true,
      "os": [
        "darwin",
        "linux",
        "win32"
      ],
      "bin": {
        "lefthook": "bin/index.js"
      }
    },
    "node_modules/prettier": {
      "version": "3.2.5",
      "resolved": "https://registry.npmjs.org/prettier/-/prettier-3.2.5.tgz",
      "integrity": "sha512-3/GWa9aOC0YeD7LUfvOG2NiDyhOWRvt1k+rcKhOuYnMY24iiCphgneUfJDyFXd6rZCAnuLBv6UeAULtrhT/F4A==",
      "dev": true,
      "bin": {
        "prettier": "bin/prettier.cjs"
      },
      "engines": {
        "node": ">=14"
      },
      "funding": {
        "url": "https://github.com/prettier/prettier?sponsor=1"
      }
    }
  },
  "dependencies": {
    "@arkweid/lefthook": {
      "version": "0.7.7",
      "resolved": "https://registry.npmjs.org/@arkweid/lefthook/-/lefthook-0.7.7.tgz",
      "integrity": "sha512-Eq30OXKmjxIAIsTtbX2fcF3SNZIXS8yry1u8yty7PQFYRctx04rVlhOJCEB2UmfTh8T2vrOMC9IHHUvvo5zbaQ==",
      "dev": true
    },
    "prettier": {
      "version": "3.2.5",
      "resolved": "https://registry.npmjs.org/prettier/-/prettier-3.2.5.tgz",
      "integrity": "sha512-3/GWa9aOC0YeD7LUfvOG2NiDyhOWRvt1k+rcKhOuYnMY24iiCphgneUfJDyFXd6rZCAnuLBv6UeAULtrhT/F4A==",
      "dev": true
    }
  }
}
