{
  "name": "dot-github",
  "version": "0.0.0",
  "lockfileVersion": 2,
  "requires": true,
  "packages": {
    "": {
      "name": "dot-github",
      "version": "0.0.0",
      "license": "0BSD",
      "devDependencies": {
        "@arkweid/lefthook": "0.7.6",
        "prettier": "3.0.3"
      }
    },
    "node_modules/@arkweid/lefthook": {
      "version": "0.7.6",
      "resolved": "https://registry.npmjs.org/@arkweid/lefthook/-/lefthook-0.7.6.tgz",
      "integrity": "sha512-dm8UE0+9sbDRFJ6BMYpOrg56W3/wpZq2eBkGsCM+iSBrEKQF8hXFZ4eEEBxo25yfEPNVZguN/FbZcRmkeCyRiA==",
      "cpu": [
        "x64",
        "arm64",
        "ia32"
      ],
      "dev": true,
      "hasInstallScript": true,
      "os": [
        "darwin",
        "linux",
        "win32"
      ],
      "bin": {
        "lefthook": "bin/index.js"
      }
    },
    "node_modules/prettier": {
      "version": "3.0.3",
      "resolved": "https://registry.npmjs.org/prettier/-/prettier-3.0.3.tgz",
      "integrity": "sha512-L/4pUDMxcNa8R/EthV08Zt42WBO4h1rarVtK0K+QJG0X187OLo7l699jWw0GKuwzkPQ//jMFA/8Xm6Fh3J/DAg==",
      "dev": true,
      "bin": {
        "prettier": "bin/prettier.cjs"
      },
      "engines": {
        "node": ">=14"
      },
      "funding": {
        "url": "https://github.com/prettier/prettier?sponsor=1"
      }
    }
  },
  "dependencies": {
    "@arkweid/lefthook": {
      "version": "0.7.6",
      "resolved": "https://registry.npmjs.org/@arkweid/lefthook/-/lefthook-0.7.6.tgz",
      "integrity": "sha512-dm8UE0+9sbDRFJ6BMYpOrg56W3/wpZq2eBkGsCM+iSBrEKQF8hXFZ4eEEBxo25yfEPNVZguN/FbZcRmkeCyRiA==",
      "dev": true
    },
    "prettier": {
      "version": "3.0.3",
      "resolved": "https://registry.npmjs.org/prettier/-/prettier-3.0.3.tgz",
      "integrity": "sha512-L/4pUDMxcNa8R/EthV08Zt42WBO4h1rarVtK0K+QJG0X187OLo7l699jWw0GKuwzkPQ//jMFA/8Xm6Fh3J/DAg==",
      "dev": true
    }
  }
}
